
Microsoft Visual Studio Solution File, Format Version 12.00
# Visual Studio 14
VisualStudioVersion = 14.0.23107.0
MinimumVisualStudioVersion = 10.0.40219.1
Project("{FAE04EC0-301F-11D3-BF4B-00C04F79EFBC}") = "phoenix", "phoenix.csproj", "{F3462483-81D0-42C5-A8A2-69C0DBE06F4B}"
EndProject
Global
	GlobalSection(SolutionConfigurationPlatforms) = preSolution
		Debug|Any CPU = Debug|Any CPU
		Release|Any CPU = Release|Any CPU
	EndGlobalSection
	GlobalSection(ProjectConfigurationPlatforms) = postSolution
		{F3462483-81D0-42C5-A8A2-69C0DBE06F4B}.Debug|Any CPU.ActiveCfg = Debug|Any CPU
		{F3462483-81D0-42C5-A8A2-69C0DBE06F4B}.Debug|Any CPU.Build.0 = Debug|Any CPU
		{F3462483-81D0-42C5-A8A2-69C0DBE06F4B}.Release|Any CPU.ActiveCfg = Release|Any CPU
		{F3462483-81D0-42C5-A8A2-69C0DBE06F4B}.Release|Any CPU.Build.0 = Release|Any CPU
	EndGlobalSection
	GlobalSection(SolutionProperties) = preSolution
		HideSolutionNode = FALSE
	EndGlobalSection
EndGlobal
